
Microsoft Visual Studio Solution File, Format Version 12.00
# Visual Studio 15
VisualStudioVersion = 15.0.28307.168
MinimumVisualStudioVersion = 10.0.40219.1
Project("{9A19103F-16F7-4668-BE54-9A1E7A4F7556}") = "WagoLoader", "WagoLoader\WagoLoader.csproj", "{4FFCC2C4-69B1-4286-8AB2-5BD9D20DA443}"
EndProject
Project("{2150E333-8FDC-42A3-9474-1A3956D46DE8}") = "Solution Items", "Solution Items", "{4D33FD59-422B-416A-B947-0FAB384EA81E}"
	ProjectSection(SolutionItems) = preProject
		ReleaseNotes.md = ReleaseNotes.md
	EndProjectSection
EndProject
Project("{FAE04EC0-301F-11D3-BF4B-00C04F79EFBC}") = "WagoLoader.Test", "WagoLoader.Test\WagoLoader.Test.csproj", "{1E5BD26B-AFF4-4835-9B50-E0E9C8A29861}"
EndProject
Project("{2150E333-8FDC-42A3-9474-1A3956D46DE8}") = "docs", "docs", "{02BCE64A-BA98-462C-9EB8-0C269B4A4524}"
ProjectSection(SolutionItems) = preProject
	..\README.md = ..\README.md
	..\Package.md = ..\Package.md
EndProjectSection
EndProject
Global
	GlobalSection(SolutionConfigurationPlatforms) = preSolution
		Debug|Any CPU = Debug|Any CPU
		Release|Any CPU = Release|Any CPU
	EndGlobalSection
	GlobalSection(ProjectConfigurationPlatforms) = postSolution
		{4FFCC2C4-69B1-4286-8AB2-5BD9D20DA443}.Debug|Any CPU.ActiveCfg = Debug|Any CPU
		{4FFCC2C4-69B1-4286-8AB2-5BD9D20DA443}.Debug|Any CPU.Build.0 = Debug|Any CPU
		{4FFCC2C4-69B1-4286-8AB2-5BD9D20DA443}.Release|Any CPU.ActiveCfg = Release|Any CPU
		{4FFCC2C4-69B1-4286-8AB2-5BD9D20DA443}.Release|Any CPU.Build.0 = Release|Any CPU
		{1E5BD26B-AFF4-4835-9B50-E0E9C8A29861}.Debug|Any CPU.ActiveCfg = Debug|Any CPU
		{1E5BD26B-AFF4-4835-9B50-E0E9C8A29861}.Debug|Any CPU.Build.0 = Debug|Any CPU
		{1E5BD26B-AFF4-4835-9B50-E0E9C8A29861}.Release|Any CPU.ActiveCfg = Release|Any CPU
		{1E5BD26B-AFF4-4835-9B50-E0E9C8A29861}.Release|Any CPU.Build.0 = Release|Any CPU
	EndGlobalSection
	GlobalSection(SolutionProperties) = preSolution
		HideSolutionNode = FALSE
	EndGlobalSection
	GlobalSection(ExtensibilityGlobals) = postSolution
		SolutionGuid = {DB1E23FD-23E0-4D68-BB2E-512FED239F7C}
	EndGlobalSection
EndGlobal
